
Microsoft Visual Studio Solution File, Format Version 11.00
# Visual Studio 2010
Project("{8BC9CEB8-8B4A-11D0-8D11-00A0C91BC942}") = "ShowError", "ShowError\ShowError.vcxproj", "{C8EF425C-F130-4806-A3C8-DC4E040B1065}"
EndProject
Global
	GlobalSection(SolutionConfigurationPlatforms) = preSolution
		Debug|Win32 = Debug|Win32
		Release|Win32 = Release|Win32
	EndGlobalSection
	GlobalSection(ProjectConfigurationPlatforms) = postSolution
		{C8EF425C-F130-4806-A3C8-DC4E040B1065}.Debug|Win32.ActiveCfg = Debug|Win32
		{C8EF425C-F130-4806-A3C8-DC4E040B1065}.Debug|Win32.Build.0 = Debug|Win32
		{C8EF425C-F130-4806-A3C8-DC4E040B1065}.Release|Win32.ActiveCfg = Release|Win32
		{C8EF425C-F130-4806-A3C8-DC4E040B1065}.Release|Win32.Build.0 = Release|Win32
	EndGlobalSection
	GlobalSection(SolutionProperties) = preSolution
		HideSolutionNode = FALSE
	EndGlobalSection
EndGlobal
